
Microsoft Visual Studio Solution File, Format Version 12.00
# Visual Studio Version 16
VisualStudioVersion = 16.0.31424.327
MinimumVisualStudioVersion = 10.0.40219.1
Project("{9A19103F-16F7-4668-BE54-9A1E7A4F7556}") = "EngimaSimulator", "EngimaSimulator\EngimaSimulator.csproj", "{EC1205E4-8CCC-400B-973D-43269CC4E71D}"
EndProject
Project("{FAE04EC0-301F-11D3-BF4B-00C04F79EFBC}") = "SharedCL", "EncodingService\SharedCL.csproj", "{08685C77-600D-4B73-842A-6C0D9876CA63}"
EndProject
Global
	GlobalSection(SolutionConfigurationPlatforms) = preSolution
		Debug|Any CPU = Debug|Any CPU
		Release|Any CPU = Release|Any CPU
	EndGlobalSection
	GlobalSection(ProjectConfigurationPlatforms) = postSolution
		{EC1205E4-8CCC-400B-973D-43269CC4E71D}.Debug|Any CPU.ActiveCfg = Debug|Any CPU
		{EC1205E4-8CCC-400B-973D-43269CC4E71D}.Debug|Any CPU.Build.0 = Debug|Any CPU
		{EC1205E4-8CCC-400B-973D-43269CC4E71D}.Release|Any CPU.ActiveCfg = Release|Any CPU
		{EC1205E4-8CCC-400B-973D-43269CC4E71D}.Release|Any CPU.Build.0 = Release|Any CPU
		{08685C77-600D-4B73-842A-6C0D9876CA63}.Debug|Any CPU.ActiveCfg = Debug|Any CPU
		{08685C77-600D-4B73-842A-6C0D9876CA63}.Debug|Any CPU.Build.0 = Debug|Any CPU
		{08685C77-600D-4B73-842A-6C0D9876CA63}.Release|Any CPU.ActiveCfg = Release|Any CPU
		{08685C77-600D-4B73-842A-6C0D9876CA63}.Release|Any CPU.Build.0 = Release|Any CPU
	EndGlobalSection
	GlobalSection(SolutionProperties) = preSolution
		HideSolutionNode = FALSE
	EndGlobalSection
	GlobalSection(ExtensibilityGlobals) = postSolution
		SolutionGuid = {65552E7F-2EA3-42E4-9872-07AE29560CED}
	EndGlobalSection
EndGlobal
